
Microsoft Visual Studio Solution File, Format Version 12.00
# Visual Studio Version 17
VisualStudioVersion = 17.7.34024.191
MinimumVisualStudioVersion = 10.0.40219.1
Project("{FAE04EC0-301F-11D3-BF4B-00C04F79EFBC}") = "assignment6", "assignment6\assignment6.csproj", "{CC63FE26-CD66-4BC7-8D61-5D27A9246C1D}"
EndProject
Global
	GlobalSection(SolutionConfigurationPlatforms) = preSolution
		Debug|Any CPU = Debug|Any CPU
		Release|Any CPU = Release|Any CPU
	EndGlobalSection
	GlobalSection(ProjectConfigurationPlatforms) = postSolution
		{CC63FE26-CD66-4BC7-8D61-5D27A9246C1D}.Debug|Any CPU.ActiveCfg = Debug|Any CPU
		{CC63FE26-CD66-4BC7-8D61-5D27A9246C1D}.Debug|Any CPU.Build.0 = Debug|Any CPU
		{CC63FE26-CD66-4BC7-8D61-5D27A9246C1D}.Release|Any CPU.ActiveCfg = Release|Any CPU
		{CC63FE26-CD66-4BC7-8D61-5D27A9246C1D}.Release|Any CPU.Build.0 = Release|Any CPU
	EndGlobalSection
	GlobalSection(SolutionProperties) = preSolution
		HideSolutionNode = FALSE
	EndGlobalSection
	GlobalSection(ExtensibilityGlobals) = postSolution
		SolutionGuid = {DDD4C3DB-B256-49C1-82FE-0834770DFB1E}
	EndGlobalSection
EndGlobal
